{
  "name": "svelte-component-optimization",
  "version": "1.0.0",
  "lockfileVersion": 2,
  "requires": true,
  "packages": {
    "": {
      "name": "svelte-component-optimization",
      "version": "1.0.0",
      "license": "ISC",
      "dependencies": {
        "svelte": "^3.53.1"
      },
      "devDependencies": {
        "simple-svelte-autocomplete": "^2.5.0"
      }
    },
    "node_modules/simple-svelte-autocomplete": {
      "version": "2.5.0",
      "resolved": "https://registry.npmjs.org/simple-svelte-autocomplete/-/simple-svelte-autocomplete-2.5.0.tgz",
      "integrity": "sha512-UIhzFl7eeqKvXLD6xevdH58lRCxp0yk611WSkfjX7k0UEGibHrY4Pm2MfdjwZZtcP9XO63cbcCxgbPcsjgk1Fg==",
      "dev": true
    },
    "node_modules/svelte": {
      "version": "3.53.1",
      "resolved": "https://registry.npmjs.org/svelte/-/svelte-3.53.1.tgz",
      "integrity": "sha512-Q4/hHkktZogGhN5iqxqSi9sjEVoe/NbIxX4hXEHoasTxj+TxEQVAq66LnDMdAZxjmsodkoI5F3slqsS68U7FNw==",
      "engines": {
        "node": ">= 8"
      }
    }
  },
  "dependencies": {
    "simple-svelte-autocomplete": {
      "version": "2.5.0",
      "resolved": "https://registry.npmjs.org/simple-svelte-autocomplete/-/simple-svelte-autocomplete-2.5.0.tgz",
      "integrity": "sha512-UIhzFl7eeqKvXLD6xevdH58lRCxp0yk611WSkfjX7k0UEGibHrY4Pm2MfdjwZZtcP9XO63cbcCxgbPcsjgk1Fg==",
      "dev": true
    },
    "svelte": {
      "version": "3.53.1",
      "resolved": "https://registry.npmjs.org/svelte/-/svelte-3.53.1.tgz",
      "integrity": "sha512-Q4/hHkktZogGhN5iqxqSi9sjEVoe/NbIxX4hXEHoasTxj+TxEQVAq66LnDMdAZxjmsodkoI5F3slqsS68U7FNw=="
    }
  }
}
