{
  "name": "svelte-component-optimization",
  "version": "1.0.0",
  "lockfileVersion": 3,
  "requires": true,
  "packages": {
    "": {
      "name": "svelte-component-optimization",
      "version": "1.0.0",
      "license": "ISC",
      "dependencies": {
        "esbuild": "^0.19.0",
        "esbuild-svelte": "^0.7.4",
        "magic-string": "^0.30.0",
        "resolve.exports": "^2.0.0",
        "svelte": "^4.1.0"
      },
      "devDependencies": {
        "carbon-components-svelte": "^0.79.0",
        "simple-svelte-autocomplete": "^2.5.0",
        "uvu": "^0.5.6"
      }
    },
    "node_modules/@ampproject/remapping": {
      "version": "2.2.1",
      "resolved": "https://registry.npmjs.org/@ampproject/remapping/-/remapping-2.2.1.tgz",
      "integrity": "sha512-lFMjJTrFL3j7L9yBxwYfCq2k6qqwHyzuUl/XBnif78PWTJYyL/dfowQHWE3sp6U6ZzqWiiIZnpTMO96zhkjwtg==",
      "dependencies": {
        "@jridgewell/gen-mapping": "^0.3.0",
        "@jridgewell/trace-mapping": "^0.3.9"
      },
      "engines": {
        "node": ">=6.0.0"
      }
    },
    "node_modules/@esbuild/android-arm": {
      "version": "0.19.0",
      "resolved": "https://registry.npmjs.org/@esbuild/android-arm/-/android-arm-0.19.0.tgz",
      "integrity": "sha512-GAkjUyHgWTYuex3evPd5V7uV/XS4LMKr1PWHRPW1xNyy/Jx08x3uTrDFRefBYLKT/KpaWM8/YMQcwbp5a3yIDA==",
      "cpu": [
        "arm"
      ],
      "optional": true,
      "os": [
        "android"
      ],
      "engines": {
        "node": ">=12"
      }
    },
    "node_modules/@esbuild/android-arm64": {
      "version": "0.19.0",
      "resolved": "https://registry.npmjs.org/@esbuild/android-arm64/-/android-arm64-0.19.0.tgz",
      "integrity": "sha512-AzsozJnB+RNaDncBCs3Ys5g3kqhPFUueItfEaCpp89JH2naFNX2mYDIvUgPYMqqjm8hiFoo+jklb3QHZyR3ubw==",
      "cpu": [
        "arm64"
      ],
      "optional": true,
      "os": [
        "android"
      ],
      "engines": {
        "node": ">=12"
      }
    },
    "node_modules/@esbuild/android-x64": {
      "version": "0.19.0",
      "resolved": "https://registry.npmjs.org/@esbuild/android-x64/-/android-x64-0.19.0.tgz",
      "integrity": "sha512-SUG8/qiVhljBDpdkHQ9DvOWbp7hFFIP0OzxOTptbmVsgBgzY6JWowmMd6yJuOhapfxmj/DrvwKmjRLvVSIAKZg==",
      "cpu": [
        "x64"
      ],
      "optional": true,
      "os": [
        "android"
      ],
      "engines": {
        "node": ">=12"
      }
    },
    "node_modules/@esbuild/darwin-arm64": {
      "version": "0.19.0",
      "resolved": "https://registry.npmjs.org/@esbuild/darwin-arm64/-/darwin-arm64-0.19.0.tgz",
      "integrity": "sha512-HkxZ8k3Jvcw0FORPNTavA8BMgQjLOB6AajT+iXmil7BwY3gU1hWvJJAyWyEogCmA4LdbGvKF8vEykdmJ4xNJJQ==",
      "cpu": [
        "arm64"
      ],
      "optional": true,
      "os": [
        "darwin"
      ],
      "engines": {
        "node": ">=12"
      }
    },
    "node_modules/@esbuild/darwin-x64": {
      "version": "0.19.0",
      "resolved": "https://registry.npmjs.org/@esbuild/darwin-x64/-/darwin-x64-0.19.0.tgz",
      "integrity": "sha512-9IRWJjqpWFHM9a5Qs3r3bK834NCFuDY5ZaLrmTjqE+10B6w65UMQzeZjh794JcxpHolsAHqwsN/33crUXNCM2Q==",
      "cpu": [
        "x64"
      ],
      "optional": true,
      "os": [
        "darwin"
      ],
      "engines": {
        "node": ">=12"
      }
    },
    "node_modules/@esbuild/freebsd-arm64": {
      "version": "0.19.0",
      "resolved": "https://registry.npmjs.org/@esbuild/freebsd-arm64/-/freebsd-arm64-0.19.0.tgz",
      "integrity": "sha512-s7i2WcXcK0V1PJHVBe7NsGddsL62a9Vhpz2U7zapPrwKoFuxPP9jybwX8SXnropR/AOj3ppt2ern4ItblU6UQQ==",
      "cpu": [
        "arm64"
      ],
      "optional": true,
      "os": [
        "freebsd"
      ],
      "engines": {
        "node": ">=12"
      }
    },
    "node_modules/@esbuild/freebsd-x64": {
      "version": "0.19.0",
      "resolved": "https://registry.npmjs.org/@esbuild/freebsd-x64/-/freebsd-x64-0.19.0.tgz",
      "integrity": "sha512-NMdBSSdgwHCqCsucU5k1xflIIRU0qi1QZnM6+vdGy5fvxm1c8rKh50VzsWsIVTFUG3l91AtRxVwoz3Lcvy3I5w==",
      "cpu": [
        "x64"
      ],
      "optional": true,
      "os": [
        "freebsd"
      ],
      "engines": {
        "node": ">=12"
      }
    },
    "node_modules/@esbuild/linux-arm": {
      "version": "0.19.0",
      "resolved": "https://registry.npmjs.org/@esbuild/linux-arm/-/linux-arm-0.19.0.tgz",
      "integrity": "sha512-2F1+lH7ZBcCcgxiSs8EXQV0PPJJdTNiNcXxDb61vzxTRJJkXX1I/ye9mAhfHyScXzHaEibEXg1Jq9SW586zz7w==",
      "cpu": [
        "arm"
      ],
      "optional": true,
      "os": [
        "linux"
      ],
      "engines": {
        "node": ">=12"
      }
    },
    "node_modules/@esbuild/linux-arm64": {
      "version": "0.19.0",
      "resolved": "https://registry.npmjs.org/@esbuild/linux-arm64/-/linux-arm64-0.19.0.tgz",
      "integrity": "sha512-I4zvE2srSZxRPapFnNqj+NL3sDJ1wkvEZqt903OZUlBBgigrQMvzUowvP/TTTu2OGYe1oweg5MFilfyrElIFag==",
      "cpu": [
        "arm64"
      ],
      "optional": true,
      "os": [
        "linux"
      ],
      "engines": {
        "node": ">=12"
      }
    },
    "node_modules/@esbuild/linux-ia32": {
      "version": "0.19.0",
      "resolved": "https://registry.npmjs.org/@esbuild/linux-ia32/-/linux-ia32-0.19.0.tgz",
      "integrity": "sha512-dz2Q7+P92r1Evc8kEN+cQnB3qqPjmCrOZ+EdBTn8lEc1yN8WDgaDORQQiX+mxaijbH8npXBT9GxUqE52Gt6Y+g==",
      "cpu": [
        "ia32"
      ],
      "optional": true,
      "os": [
        "linux"
      ],
      "engines": {
        "node": ">=12"
      }
    },
    "node_modules/@esbuild/linux-loong64": {
      "version": "0.19.0",
      "resolved": "https://registry.npmjs.org/@esbuild/linux-loong64/-/linux-loong64-0.19.0.tgz",
      "integrity": "sha512-IcVJovJVflih4oFahhUw+N7YgNbuMSVFNr38awb0LNzfaiIfdqIh518nOfYaNQU3aVfiJnOIRVJDSAP4k35WxA==",
      "cpu": [
        "loong64"
      ],
      "optional": true,
      "os": [
        "linux"
      ],
      "engines": {
        "node": ">=12"
      }
    },
    "node_modules/@esbuild/linux-mips64el": {
      "version": "0.19.0",
      "resolved": "https://registry.npmjs.org/@esbuild/linux-mips64el/-/linux-mips64el-0.19.0.tgz",
      "integrity": "sha512-bZGRAGySMquWsKw0gIdsClwfvgbsSq/7oq5KVu1H1r9Il+WzOcfkV1hguntIuBjRVL8agI95i4AukjdAV2YpUw==",
      "cpu": [
        "mips64el"
      ],
      "optional": true,
      "os": [
        "linux"
      ],
      "engines": {
        "node": ">=12"
      }
    },
    "node_modules/@esbuild/linux-ppc64": {
      "version": "0.19.0",
      "resolved": "https://registry.npmjs.org/@esbuild/linux-ppc64/-/linux-ppc64-0.19.0.tgz",
      "integrity": "sha512-3LC6H5/gCDorxoRBUdpLV/m7UthYSdar0XcCu+ypycQxMS08MabZ06y1D1yZlDzL/BvOYliRNRWVG/YJJvQdbg==",
      "cpu": [
        "ppc64"
      ],
      "optional": true,
      "os": [
        "linux"
      ],
      "engines": {
        "node": ">=12"
      }
    },
    "node_modules/@esbuild/linux-riscv64": {
      "version": "0.19.0",
      "resolved": "https://registry.npmjs.org/@esbuild/linux-riscv64/-/linux-riscv64-0.19.0.tgz",
      "integrity": "sha512-jfvdKjWk+Cp2sgLtEEdSHXO7qckrw2B2eFBaoRdmfhThqZs29GMMg7q/LsQpybA7BxCLLEs4di5ucsWzZC5XPA==",
      "cpu": [
        "riscv64"
      ],
      "optional": true,
      "os": [
        "linux"
      ],
      "engines": {
        "node": ">=12"
      }
    },
    "node_modules/@esbuild/linux-s390x": {
      "version": "0.19.0",
      "resolved": "https://registry.npmjs.org/@esbuild/linux-s390x/-/linux-s390x-0.19.0.tgz",
      "integrity": "sha512-ofcucfNLkoXmcnJaw9ugdEOf40AWKGt09WBFCkpor+vFJVvmk/8OPjl/qRtks2Z7BuZbG3ztJuK1zS9z5Cgx9A==",
      "cpu": [
        "s390x"
      ],
      "optional": true,
      "os": [
        "linux"
      ],
      "engines": {
        "node": ">=12"
      }
    },
    "node_modules/@esbuild/linux-x64": {
      "version": "0.19.0",
      "resolved": "https://registry.npmjs.org/@esbuild/linux-x64/-/linux-x64-0.19.0.tgz",
      "integrity": "sha512-Fpf7zNDBti3xrQKQKLdXT0hTyOxgFdRJIMtNy8x1az9ATR9/GJ1brYbB/GLWoXhKiHsoWs+2DLkFVNNMTCLEwA==",
      "cpu": [
        "x64"
      ],
      "optional": true,
      "os": [
        "linux"
      ],
      "engines": {
        "node": ">=12"
      }
    },
    "node_modules/@esbuild/netbsd-x64": {
      "version": "0.19.0",
      "resolved": "https://registry.npmjs.org/@esbuild/netbsd-x64/-/netbsd-x64-0.19.0.tgz",
      "integrity": "sha512-AMQAp/5oENgDOvVhvOlbhVe1pWii7oFAMRHlmTjSEMcpjTpIHtFXhv9uAFgUERHm3eYtNvS9Vf+gT55cwuI6Aw==",
      "cpu": [
        "x64"
      ],
      "optional": true,
      "os": [
        "netbsd"
      ],
      "engines": {
        "node": ">=12"
      }
    },
    "node_modules/@esbuild/openbsd-x64": {
      "version": "0.19.0",
      "resolved": "https://registry.npmjs.org/@esbuild/openbsd-x64/-/openbsd-x64-0.19.0.tgz",
      "integrity": "sha512-fDztEve1QUs3h/Dw2AUmBlWGkNQbhDoD05ppm5jKvzQv+HVuV13so7m5RYeiSMIC2XQy7PAjZh+afkxAnCRZxA==",
      "cpu": [
        "x64"
      ],
      "optional": true,
      "os": [
        "openbsd"
      ],
      "engines": {
        "node": ">=12"
      }
    },
    "node_modules/@esbuild/sunos-x64": {
      "version": "0.19.0",
      "resolved": "https://registry.npmjs.org/@esbuild/sunos-x64/-/sunos-x64-0.19.0.tgz",
      "integrity": "sha512-bKZzJ2/rvUjDzA5Ddyva2tMk89WzNJEibZEaq+wY6SiqPlwgFbqyQLimouxLHiHh1itb5P3SNCIF1bc2bw5H9w==",
      "cpu": [
        "x64"
      ],
      "optional": true,
      "os": [
        "sunos"
      ],
      "engines": {
        "node": ">=12"
      }
    },
    "node_modules/@esbuild/win32-arm64": {
      "version": "0.19.0",
      "resolved": "https://registry.npmjs.org/@esbuild/win32-arm64/-/win32-arm64-0.19.0.tgz",
      "integrity": "sha512-NQJ+4jmnA79saI+sE+QzcEls19uZkoEmdxo7r//PDOjIpX8pmoWtTnWg6XcbnO7o4fieyAwb5U2LvgWynF4diA==",
      "cpu": [
        "arm64"
      ],
      "optional": true,
      "os": [
        "win32"
      ],
      "engines": {
        "node": ">=12"
      }
    },
    "node_modules/@esbuild/win32-ia32": {
      "version": "0.19.0",
      "resolved": "https://registry.npmjs.org/@esbuild/win32-ia32/-/win32-ia32-0.19.0.tgz",
      "integrity": "sha512-uyxiZAnsfu9diHm9/rIH2soecF/HWLXYUhJKW4q1+/LLmNQ+55lRjvSUDhUmsgJtSUscRJB/3S4RNiTb9o9mCg==",
      "cpu": [
        "ia32"
      ],
      "optional": true,
      "os": [
        "win32"
      ],
      "engines": {
        "node": ">=12"
      }
    },
    "node_modules/@esbuild/win32-x64": {
      "version": "0.19.0",
      "resolved": "https://registry.npmjs.org/@esbuild/win32-x64/-/win32-x64-0.19.0.tgz",
      "integrity": "sha512-jl+NXUjK2StMgqnZnqgNjZuerFG8zQqWXMBZdMMv4W/aO1ZKQaYWZBxTrtWKphkCBVEMh0wMVfGgOd2BjOZqUQ==",
      "cpu": [
        "x64"
      ],
      "optional": true,
      "os": [
        "win32"
      ],
      "engines": {
        "node": ">=12"
      }
    },
    "node_modules/@jridgewell/gen-mapping": {
      "version": "0.3.3",
      "resolved": "https://registry.npmjs.org/@jridgewell/gen-mapping/-/gen-mapping-0.3.3.tgz",
      "integrity": "sha512-HLhSWOLRi875zjjMG/r+Nv0oCW8umGb0BgEhyX3dDX3egwZtB8PqLnjz3yedt8R5StBrzcg4aBpnh8UA9D1BoQ==",
      "dependencies": {
        "@jridgewell/set-array": "^1.0.1",
        "@jridgewell/sourcemap-codec": "^1.4.10",
        "@jridgewell/trace-mapping": "^0.3.9"
      },
      "engines": {
        "node": ">=6.0.0"
      }
    },
    "node_modules/@jridgewell/resolve-uri": {
      "version": "3.1.0",
      "resolved": "https://registry.npmjs.org/@jridgewell/resolve-uri/-/resolve-uri-3.1.0.tgz",
      "integrity": "sha512-F2msla3tad+Mfht5cJq7LSXcdudKTWCVYUgw6pLFOOHSTtZlj6SWNYAp+AhuqLmWdBO2X5hPrLcu8cVP8fy28w==",
      "engines": {
        "node": ">=6.0.0"
      }
    },
    "node_modules/@jridgewell/set-array": {
      "version": "1.1.2",
      "resolved": "https://registry.npmjs.org/@jridgewell/set-array/-/set-array-1.1.2.tgz",
      "integrity": "sha512-xnkseuNADM0gt2bs+BvhO0p78Mk762YnZdsuzFV018NoG1Sj1SCQvpSqa7XUaTam5vAGasABV9qXASMKnFMwMw==",
      "engines": {
        "node": ">=6.0.0"
      }
    },
    "node_modules/@jridgewell/sourcemap-codec": {
      "version": "1.4.15",
      "resolved": "https://registry.npmjs.org/@jridgewell/sourcemap-codec/-/sourcemap-codec-1.4.15.tgz",
      "integrity": "sha512-eF2rxCRulEKXHTRiDrDy6erMYWqNw4LPdQ8UQA4huuxaQsVeRPFl2oM8oDGxMFhJUWZf9McpLtJasDDZb/Bpeg=="
    },
    "node_modules/@jridgewell/trace-mapping": {
      "version": "0.3.18",
      "resolved": "https://registry.npmjs.org/@jridgewell/trace-mapping/-/trace-mapping-0.3.18.tgz",
      "integrity": "sha512-w+niJYzMHdd7USdiH2U6869nqhD2nbfZXND5Yp93qIbEmnDNk7PD48o+YchRVpzMU7M6jVCbenTR7PA1FLQ9pA==",
      "dependencies": {
        "@jridgewell/resolve-uri": "3.1.0",
        "@jridgewell/sourcemap-codec": "1.4.14"
      }
    },
    "node_modules/@jridgewell/trace-mapping/node_modules/@jridgewell/sourcemap-codec": {
      "version": "1.4.14",
      "resolved": "https://registry.npmjs.org/@jridgewell/sourcemap-codec/-/sourcemap-codec-1.4.14.tgz",
      "integrity": "sha512-XPSJHWmi394fuUuzDnGz1wiKqWfo1yXecHQMRf2l6hztTO+nPru658AyDngaBe7isIxEkRsPR3FZh+s7iVa4Uw=="
    },
    "node_modules/@types/estree": {
      "version": "1.0.1",
      "resolved": "https://registry.npmjs.org/@types/estree/-/estree-1.0.1.tgz",
      "integrity": "sha512-LG4opVs2ANWZ1TJoKc937iMmNstM/d0ae1vNbnBvBhqCSezgVUOzcLCqbI5elV8Vy6WKwKjaqR+zO9VKirBBCA=="
    },
    "node_modules/acorn": {
      "version": "8.9.0",
      "resolved": "https://registry.npmjs.org/acorn/-/acorn-8.9.0.tgz",
      "integrity": "sha512-jaVNAFBHNLXspO543WnNNPZFRtavh3skAkITqD0/2aeMkKZTN+254PyhwxFYrk3vQ1xfY+2wbesJMs/JC8/PwQ==",
      "bin": {
        "acorn": "bin/acorn"
      },
      "engines": {
        "node": ">=0.4.0"
      }
    },
    "node_modules/aria-query": {
      "version": "5.3.0",
      "resolved": "https://registry.npmjs.org/aria-query/-/aria-query-5.3.0.tgz",
      "integrity": "sha512-b0P0sZPKtyu8HkeRAfCq0IfURZK+SuwMjY1UXGBU27wpAiTwQAIlq56IbIO+ytk/JjS1fMR14ee5WBBfKi5J6A==",
      "dependencies": {
        "dequal": "^2.0.3"
      }
    },
    "node_modules/axobject-query": {
      "version": "3.2.1",
      "resolved": "https://registry.npmjs.org/axobject-query/-/axobject-query-3.2.1.tgz",
      "integrity": "sha512-jsyHu61e6N4Vbz/v18DHwWYKK0bSWLqn47eeDSKPB7m8tqMHF9YJ+mhIk2lVteyZrY8tnSj/jHOv4YiTCuCJgg==",
      "dependencies": {
        "dequal": "^2.0.3"
      }
    },
    "node_modules/carbon-components-svelte": {
      "version": "0.79.0",
      "resolved": "https://registry.npmjs.org/carbon-components-svelte/-/carbon-components-svelte-0.79.0.tgz",
      "integrity": "sha512-xq9XgfcHIfbKUtAI7s1HDdkFKuP7PyNHfr14d2Xzx072DJw3DNnMBe0xmQE6z9M5tKTRaJziUVMYprzBI+Y1SQ==",
      "dev": true,
      "dependencies": {
        "flatpickr": "4.6.9"
      }
    },
    "node_modules/code-red": {
      "version": "1.0.3",
      "resolved": "https://registry.npmjs.org/code-red/-/code-red-1.0.3.tgz",
      "integrity": "sha512-kVwJELqiILQyG5aeuyKFbdsI1fmQy1Cmf7dQ8eGmVuJoaRVdwey7WaMknr2ZFeVSYSKT0rExsa8EGw0aoI/1QQ==",
      "dependencies": {
        "@jridgewell/sourcemap-codec": "^1.4.14",
        "@types/estree": "^1.0.0",
        "acorn": "^8.8.2",
        "estree-walker": "^3.0.3",
        "periscopic": "^3.1.0"
      }
    },
    "node_modules/css-tree": {
      "version": "2.3.1",
      "resolved": "https://registry.npmjs.org/css-tree/-/css-tree-2.3.1.tgz",
      "integrity": "sha512-6Fv1DV/TYw//QF5IzQdqsNDjx/wc8TrMBZsqjL9eW01tWb7R7k/mq+/VXfJCl7SoD5emsJop9cOByJZfs8hYIw==",
      "dependencies": {
        "mdn-data": "2.0.30",
        "source-map-js": "^1.0.1"
      },
      "engines": {
        "node": "^10 || ^12.20.0 || ^14.13.0 || >=15.0.0"
      }
    },
    "node_modules/dequal": {
      "version": "2.0.3",
      "resolved": "https://registry.npmjs.org/dequal/-/dequal-2.0.3.tgz",
      "integrity": "sha512-0je+qPKHEMohvfRTCEo3CrPG6cAzAYgmzKyxRiYSSDkS6eGJdyVJm7WaYA5ECaAD9wLB2T4EEeymA5aFVcYXCA==",
      "engines": {
        "node": ">=6"
      }
    },
    "node_modules/diff": {
      "version": "5.1.0",
      "resolved": "https://registry.npmjs.org/diff/-/diff-5.1.0.tgz",
      "integrity": "sha512-D+mk+qE8VC/PAUrlAU34N+VfXev0ghe5ywmpqrawphmVZc1bEfn56uo9qpyGp1p4xpzOHkSW4ztBd6L7Xx4ACw==",
      "dev": true,
      "engines": {
        "node": ">=0.3.1"
      }
    },
    "node_modules/esbuild": {
      "version": "0.19.0",
      "resolved": "https://registry.npmjs.org/esbuild/-/esbuild-0.19.0.tgz",
      "integrity": "sha512-i7i8TP4vuG55bKeLyqqk5sTPu1ZjPH3wkcLvAj/0X/222iWFo3AJUYRKjbOoY6BWFMH3teizxHEdV9Su5ESl0w==",
      "hasInstallScript": true,
      "bin": {
        "esbuild": "bin/esbuild"
      },
      "engines": {
        "node": ">=12"
      },
      "optionalDependencies": {
        "@esbuild/android-arm": "0.19.0",
        "@esbuild/android-arm64": "0.19.0",
        "@esbuild/android-x64": "0.19.0",
        "@esbuild/darwin-arm64": "0.19.0",
        "@esbuild/darwin-x64": "0.19.0",
        "@esbuild/freebsd-arm64": "0.19.0",
        "@esbuild/freebsd-x64": "0.19.0",
        "@esbuild/linux-arm": "0.19.0",
        "@esbuild/linux-arm64": "0.19.0",
        "@esbuild/linux-ia32": "0.19.0",
        "@esbuild/linux-loong64": "0.19.0",
        "@esbuild/linux-mips64el": "0.19.0",
        "@esbuild/linux-ppc64": "0.19.0",
        "@esbuild/linux-riscv64": "0.19.0",
        "@esbuild/linux-s390x": "0.19.0",
        "@esbuild/linux-x64": "0.19.0",
        "@esbuild/netbsd-x64": "0.19.0",
        "@esbuild/openbsd-x64": "0.19.0",
        "@esbuild/sunos-x64": "0.19.0",
        "@esbuild/win32-arm64": "0.19.0",
        "@esbuild/win32-ia32": "0.19.0",
        "@esbuild/win32-x64": "0.19.0"
      }
    },
    "node_modules/esbuild-svelte": {
      "version": "0.7.4",
      "resolved": "https://registry.npmjs.org/esbuild-svelte/-/esbuild-svelte-0.7.4.tgz",
      "integrity": "sha512-d4Vafj5nFTmZPXznW6YL3ZHXiWwNiPLcE8yfq/5oE8nbyrZlIB92ZCVh3JMbMje+vCb4jnKdH+WoV2sLZRdOJA==",
      "engines": {
        "node": ">=14"
      },
      "peerDependencies": {
        "esbuild": ">=0.9.6",
        "svelte": ">=3.43.0 <5"
      }
    },
    "node_modules/estree-walker": {
      "version": "3.0.3",
      "resolved": "https://registry.npmjs.org/estree-walker/-/estree-walker-3.0.3.tgz",
      "integrity": "sha512-7RUKfXgSMMkzt6ZuXmqapOurLGPPfgj6l9uRZ7lRGolvk0y2yocc35LdcxKC5PQZdn2DMqioAQ2NoWcrTKmm6g==",
      "dependencies": {
        "@types/estree": "^1.0.0"
      }
    },
    "node_modules/flatpickr": {
      "version": "4.6.9",
      "resolved": "https://registry.npmjs.org/flatpickr/-/flatpickr-4.6.9.tgz",
      "integrity": "sha512-F0azNNi8foVWKSF+8X+ZJzz8r9sE1G4hl06RyceIaLvyltKvDl6vqk9Lm/6AUUCi5HWaIjiUbk7UpeE/fOXOpw==",
      "dev": true
    },
    "node_modules/is-reference": {
      "version": "3.0.1",
      "resolved": "https://registry.npmjs.org/is-reference/-/is-reference-3.0.1.tgz",
      "integrity": "sha512-baJJdQLiYaJdvFbJqXrcGv3WU3QCzBlUcI5QhbesIm6/xPsvmO+2CDoi/GMOFBQEQm+PXkwOPrp9KK5ozZsp2w==",
      "dependencies": {
        "@types/estree": "*"
      }
    },
    "node_modules/kleur": {
      "version": "4.1.5",
      "resolved": "https://registry.npmjs.org/kleur/-/kleur-4.1.5.tgz",
      "integrity": "sha512-o+NO+8WrRiQEE4/7nwRJhN1HWpVmJm511pBHUxPLtp0BUISzlBplORYSmTclCnJvQq2tKu/sgl3xVpkc7ZWuQQ==",
      "dev": true,
      "engines": {
        "node": ">=6"
      }
    },
    "node_modules/locate-character": {
      "version": "3.0.0",
      "resolved": "https://registry.npmjs.org/locate-character/-/locate-character-3.0.0.tgz",
      "integrity": "sha512-SW13ws7BjaeJ6p7Q6CO2nchbYEc3X3J6WrmTTDto7yMPqVSZTUyY5Tjbid+Ab8gLnATtygYtiDIJGQRRn2ZOiA=="
    },
    "node_modules/magic-string": {
      "version": "0.30.0",
      "resolved": "https://registry.npmjs.org/magic-string/-/magic-string-0.30.0.tgz",
      "integrity": "sha512-LA+31JYDJLs82r2ScLrlz1GjSgu66ZV518eyWT+S8VhyQn/JL0u9MeBOvQMGYiPk1DBiSN9DDMOcXvigJZaViQ==",
      "dependencies": {
        "@jridgewell/sourcemap-codec": "^1.4.13"
      },
      "engines": {
        "node": ">=12"
      }
    },
    "node_modules/mdn-data": {
      "version": "2.0.30",
      "resolved": "https://registry.npmjs.org/mdn-data/-/mdn-data-2.0.30.tgz",
      "integrity": "sha512-GaqWWShW4kv/G9IEucWScBx9G1/vsFZZJUO+tD26M8J8z3Kw5RDQjaoZe03YAClgeS/SWPOcb4nkFBTEi5DUEA=="
    },
    "node_modules/mri": {
      "version": "1.2.0",
      "resolved": "https://registry.npmjs.org/mri/-/mri-1.2.0.tgz",
      "integrity": "sha512-tzzskb3bG8LvYGFF/mDTpq3jpI6Q9wc3LEmBaghu+DdCssd1FakN7Bc0hVNmEyGq1bq3RgfkCb3cmQLpNPOroA==",
      "dev": true,
      "engines": {
        "node": ">=4"
      }
    },
    "node_modules/periscopic": {
      "version": "3.1.0",
      "resolved": "https://registry.npmjs.org/periscopic/-/periscopic-3.1.0.tgz",
      "integrity": "sha512-vKiQ8RRtkl9P+r/+oefh25C3fhybptkHKCZSPlcXiJux2tJF55GnEj3BVn4A5gKfq9NWWXXrxkHBwVPUfH0opw==",
      "dependencies": {
        "@types/estree": "^1.0.0",
        "estree-walker": "^3.0.0",
        "is-reference": "^3.0.0"
      }
    },
    "node_modules/resolve.exports": {
      "version": "2.0.2",
      "resolved": "https://registry.npmjs.org/resolve.exports/-/resolve.exports-2.0.2.tgz",
      "integrity": "sha512-X2UW6Nw3n/aMgDVy+0rSqgHlv39WZAlZrXCdnbyEiKm17DSqHX4MmQMaST3FbeWR5FTuRcUwYAziZajji0Y7mg==",
      "engines": {
        "node": ">=10"
      }
    },
    "node_modules/sade": {
      "version": "1.8.1",
      "resolved": "https://registry.npmjs.org/sade/-/sade-1.8.1.tgz",
      "integrity": "sha512-xal3CZX1Xlo/k4ApwCFrHVACi9fBqJ7V+mwhBsuf/1IOKbBy098Fex+Wa/5QMubw09pSZ/u8EY8PWgevJsXp1A==",
      "dev": true,
      "dependencies": {
        "mri": "^1.1.0"
      },
      "engines": {
        "node": ">=6"
      }
    },
    "node_modules/simple-svelte-autocomplete": {
      "version": "2.5.2",
      "resolved": "https://registry.npmjs.org/simple-svelte-autocomplete/-/simple-svelte-autocomplete-2.5.2.tgz",
      "integrity": "sha512-6+kZP3XQGb7zs0djTWoFv8tQorBZdv64YfCKrlsYIYBCFsEeikSiNsBSSYw1Om+LYmFeMEOAYSSKoEw+qpnBXQ==",
      "dev": true
    },
    "node_modules/source-map-js": {
      "version": "1.0.2",
      "resolved": "https://registry.npmjs.org/source-map-js/-/source-map-js-1.0.2.tgz",
      "integrity": "sha512-R0XvVJ9WusLiqTCEiGCmICCMplcCkIwwR11mOSD9CR5u+IXYdiseeEuXCVAjS54zqwkLcPNnmU4OeJ6tUrWhDw==",
      "engines": {
        "node": ">=0.10.0"
      }
    },
    "node_modules/svelte": {
      "version": "4.1.2",
      "resolved": "https://registry.npmjs.org/svelte/-/svelte-4.1.2.tgz",
      "integrity": "sha512-/evA8U6CgOHe5ZD1C1W3va9iJG7mWflcCdghBORJaAhD2JzrVERJty/2gl0pIPrJYBGZwZycH6onYf+64XXF9g==",
      "dependencies": {
        "@ampproject/remapping": "^2.2.1",
        "@jridgewell/sourcemap-codec": "^1.4.15",
        "@jridgewell/trace-mapping": "^0.3.18",
        "acorn": "^8.9.0",
        "aria-query": "^5.3.0",
        "axobject-query": "^3.2.1",
        "code-red": "^1.0.3",
        "css-tree": "^2.3.1",
        "estree-walker": "^3.0.3",
        "is-reference": "^3.0.1",
        "locate-character": "^3.0.0",
        "magic-string": "^0.30.0",
        "periscopic": "^3.1.0"
      },
      "engines": {
        "node": ">=16"
      }
    },
    "node_modules/uvu": {
      "version": "0.5.6",
      "resolved": "https://registry.npmjs.org/uvu/-/uvu-0.5.6.tgz",
      "integrity": "sha512-+g8ENReyr8YsOc6fv/NVJs2vFdHBnBNdfE49rshrTzDWOlUx4Gq7KOS2GD8eqhy2j+Ejq29+SbKH8yjkAqXqoA==",
      "dev": true,
      "dependencies": {
        "dequal": "^2.0.0",
        "diff": "^5.0.0",
        "kleur": "^4.0.3",
        "sade": "^1.7.3"
      },
      "bin": {
        "uvu": "bin.js"
      },
      "engines": {
        "node": ">=8"
      }
    }
  }
}
